
Microsoft Visual Studio Solution File, Format Version 12.00
# Visual Studio Version 17
VisualStudioVersion = 17.5.33424.131
MinimumVisualStudioVersion = 10.0.40219.1
Project("{2150E333-8FDC-42A3-9474-1A3956D46DE8}") = "Presentation", "Presentation", "{D8F3F286-A857-4928-AD8E-3A88EDADBE4A}"
EndProject
Project("{9A19103F-16F7-4668-BE54-9A1E7A4F7556}") = "Model", "Model\Model.csproj", "{4DE86DEA-5614-4536-82B6-3BCAA95B034C}"
EndProject
Project("{9A19103F-16F7-4668-BE54-9A1E7A4F7556}") = "ViewModel", "ViewModel\ViewModel.csproj", "{F1BB94B3-31A4-4F95-951F-BF64325D4789}"
EndProject
Project("{9A19103F-16F7-4668-BE54-9A1E7A4F7556}") = "View", "View\View.csproj", "{818C30B7-5261-452C-8A1D-6B2FA03601B4}"
EndProject
Project("{FAE04EC0-301F-11D3-BF4B-00C04F79EFBC}") = "Data", "Data\Data.csproj", "{C01C3D5D-2A26-4C26-A5AE-638D3C61BF0D}"
EndProject
Project("{FAE04EC0-301F-11D3-BF4B-00C04F79EFBC}") = "Logic", "Logic\Logic.csproj", "{EAFB97EA-7C77-43FE-92EB-D7F74C09F2B2}"
EndProject
Project("{FAE04EC0-301F-11D3-BF4B-00C04F79EFBC}") = "Tests", "Tests\Tests.csproj", "{943DDA4A-9667-4C6C-8460-2A739413AEEC}"
EndProject
Global
	GlobalSection(SolutionConfigurationPlatforms) = preSolution
		Debug|Any CPU = Debug|Any CPU
		Release|Any CPU = Release|Any CPU
	EndGlobalSection
	GlobalSection(ProjectConfigurationPlatforms) = postSolution
		{4DE86DEA-5614-4536-82B6-3BCAA95B034C}.Debug|Any CPU.ActiveCfg = Debug|Any CPU
		{4DE86DEA-5614-4536-82B6-3BCAA95B034C}.Debug|Any CPU.Build.0 = Debug|Any CPU
		{4DE86DEA-5614-4536-82B6-3BCAA95B034C}.Release|Any CPU.ActiveCfg = Release|Any CPU
		{4DE86DEA-5614-4536-82B6-3BCAA95B034C}.Release|Any CPU.Build.0 = Release|Any CPU
		{F1BB94B3-31A4-4F95-951F-BF64325D4789}.Debug|Any CPU.ActiveCfg = Debug|Any CPU
		{F1BB94B3-31A4-4F95-951F-BF64325D4789}.Debug|Any CPU.Build.0 = Debug|Any CPU
		{F1BB94B3-31A4-4F95-951F-BF64325D4789}.Release|Any CPU.ActiveCfg = Release|Any CPU
		{F1BB94B3-31A4-4F95-951F-BF64325D4789}.Release|Any CPU.Build.0 = Release|Any CPU
		{818C30B7-5261-452C-8A1D-6B2FA03601B4}.Debug|Any CPU.ActiveCfg = Debug|Any CPU
		{818C30B7-5261-452C-8A1D-6B2FA03601B4}.Debug|Any CPU.Build.0 = Debug|Any CPU
		{818C30B7-5261-452C-8A1D-6B2FA03601B4}.Release|Any CPU.ActiveCfg = Release|Any CPU
		{818C30B7-5261-452C-8A1D-6B2FA03601B4}.Release|Any CPU.Build.0 = Release|Any CPU
		{C01C3D5D-2A26-4C26-A5AE-638D3C61BF0D}.Debug|Any CPU.ActiveCfg = Debug|Any CPU
		{C01C3D5D-2A26-4C26-A5AE-638D3C61BF0D}.Debug|Any CPU.Build.0 = Debug|Any CPU
		{C01C3D5D-2A26-4C26-A5AE-638D3C61BF0D}.Release|Any CPU.ActiveCfg = Release|Any CPU
		{C01C3D5D-2A26-4C26-A5AE-638D3C61BF0D}.Release|Any CPU.Build.0 = Release|Any CPU
		{EAFB97EA-7C77-43FE-92EB-D7F74C09F2B2}.Debug|Any CPU.ActiveCfg = Debug|Any CPU
		{EAFB97EA-7C77-43FE-92EB-D7F74C09F2B2}.Debug|Any CPU.Build.0 = Debug|Any CPU
		{EAFB97EA-7C77-43FE-92EB-D7F74C09F2B2}.Release|Any CPU.ActiveCfg = Release|Any CPU
		{EAFB97EA-7C77-43FE-92EB-D7F74C09F2B2}.Release|Any CPU.Build.0 = Release|Any CPU
		{943DDA4A-9667-4C6C-8460-2A739413AEEC}.Debug|Any CPU.ActiveCfg = Debug|Any CPU
		{943DDA4A-9667-4C6C-8460-2A739413AEEC}.Debug|Any CPU.Build.0 = Debug|Any CPU
		{943DDA4A-9667-4C6C-8460-2A739413AEEC}.Release|Any CPU.ActiveCfg = Release|Any CPU
		{943DDA4A-9667-4C6C-8460-2A739413AEEC}.Release|Any CPU.Build.0 = Release|Any CPU
	EndGlobalSection
	GlobalSection(SolutionProperties) = preSolution
		HideSolutionNode = FALSE
	EndGlobalSection
	GlobalSection(NestedProjects) = preSolution
		{4DE86DEA-5614-4536-82B6-3BCAA95B034C} = {D8F3F286-A857-4928-AD8E-3A88EDADBE4A}
		{F1BB94B3-31A4-4F95-951F-BF64325D4789} = {D8F3F286-A857-4928-AD8E-3A88EDADBE4A}
		{818C30B7-5261-452C-8A1D-6B2FA03601B4} = {D8F3F286-A857-4928-AD8E-3A88EDADBE4A}
	EndGlobalSection
	GlobalSection(ExtensibilityGlobals) = postSolution
		SolutionGuid = {F20F1BF1-F0E1-4FF0-B9DF-604F1E5DAD23}
	EndGlobalSection
EndGlobal
